
Microsoft Visual Studio Solution File, Format Version 12.00
# Visual Studio Version 17
VisualStudioVersion = 17.1.32228.430
MinimumVisualStudioVersion = 10.0.40219.1
Project("{2150E333-8FDC-42A3-9474-1A3956D46DE8}") = "Services", "Services", "{81C85997-5076-44DA-930D-3712203AD790}"
EndProject
Project("{2150E333-8FDC-42A3-9474-1A3956D46DE8}") = "Catalog", "Catalog", "{A1412AEE-2337-4D69-A33A-B05161DA2466}"
EndProject
Project("{9A19103F-16F7-4668-BE54-9A1E7A4F7556}") = "Catalog.Api", "Services\Catalog\Catalog.Api\Catalog.Api.csproj", "{8CD38C70-F228-4C5E-A598-43758C9F5B28}"
EndProject
Project("{E53339B2-1760-4266-BCC7-CA923CBCF16C}") = "docker-compose", "docker-compose.dcproj", "{FCF34162-BA75-4898-ADBF-FFECFCF2AD55}"
EndProject
Project("{2150E333-8FDC-42A3-9474-1A3956D46DE8}") = "Basket", "Basket", "{2346AEE5-5F1B-4C88-9DE3-E07BAB4F16F8}"
EndProject
Project("{9A19103F-16F7-4668-BE54-9A1E7A4F7556}") = "Basket.Api", "Services\Basket\Basket.Api\Basket.Api.csproj", "{8C0BF74F-5F9C-4EB0-BB0C-E142D06E260B}"
EndProject
Project("{2150E333-8FDC-42A3-9474-1A3956D46DE8}") = "Discount", "Discount", "{627EFB8C-DF56-4429-8375-2C2E00FAE25B}"
EndProject
Project("{9A19103F-16F7-4668-BE54-9A1E7A4F7556}") = "Discount.Api", "Services\Discount\Discount.Api\Discount.Api.csproj", "{B291EC5C-D789-49D7-B28B-5E110433B61D}"
EndProject
Project("{9A19103F-16F7-4668-BE54-9A1E7A4F7556}") = "Discount.Grpc", "Services\Discount\Discount.Grpc\Discount.Grpc.csproj", "{23A14609-DC57-4048-A361-AA74385BE898}"
EndProject
Project("{2150E333-8FDC-42A3-9474-1A3956D46DE8}") = "Ordering", "Ordering", "{2B03565B-624A-4589-8769-A04F33EA6B9B}"
EndProject
Project("{9A19103F-16F7-4668-BE54-9A1E7A4F7556}") = "Ordering.Api", "Services\Ordering\Ordering.Api\Ordering.Api.csproj", "{0ADDA80D-25A6-4E46-BBB7-B80608D958AE}"
EndProject
Project("{9A19103F-16F7-4668-BE54-9A1E7A4F7556}") = "Ordering.Domain", "Services\Ordering\Ordering.Domain\Ordering.Domain.csproj", "{148032E0-DDBD-46E5-83E0-F025D0333A97}"
EndProject
Project("{9A19103F-16F7-4668-BE54-9A1E7A4F7556}") = "Ordering.Application", "Services\Ordering\Ordering.Application\Ordering.Application.csproj", "{4B3A5EAD-9883-4700-8C66-CEF3A7BFA0FC}"
EndProject
Project("{9A19103F-16F7-4668-BE54-9A1E7A4F7556}") = "Ordering.Infrastructure", "Services\Ordering\Ordering.Infrastructure\Ordering.Infrastructure.csproj", "{E7ED0277-A299-4204-B42A-B178A8EBB4C7}"
EndProject
Project("{2150E333-8FDC-42A3-9474-1A3956D46DE8}") = "BuildingBlocks", "BuildingBlocks", "{835D85E6-3B9C-4D2D-992C-5C8BDEBFEF85}"
EndProject
Project("{9A19103F-16F7-4668-BE54-9A1E7A4F7556}") = "EventBus.Messages", "BuildingBlocks\EventBus.Messages\EventBus.Messages.csproj", "{E169F809-7FC6-4B32-828F-0294C8071F49}"
EndProject
Project("{2150E333-8FDC-42A3-9474-1A3956D46DE8}") = "ApiGateways", "ApiGateways", "{E218FAF3-BAD5-4FE4-AA0E-9D9F47615F83}"
EndProject
Project("{9A19103F-16F7-4668-BE54-9A1E7A4F7556}") = "OcelotApiGw", "ApiGateways\OcelotApiGw\OcelotApiGw.csproj", "{E4A129F8-D4C8-42AC-88AA-DE3B44F360F5}"
EndProject
Project("{FAE04EC0-301F-11D3-BF4B-00C04F79EFBC}") = "Shopping.Aggregator", "ApiGateways\Shopping.Aggregator\Shopping.Aggregator.csproj", "{7EC3EBEF-8932-44BF-9986-17CBCF4D5054}"
EndProject
Global
	GlobalSection(SolutionConfigurationPlatforms) = preSolution
		Debug|Any CPU = Debug|Any CPU
		Release|Any CPU = Release|Any CPU
	EndGlobalSection
	GlobalSection(ProjectConfigurationPlatforms) = postSolution
		{8CD38C70-F228-4C5E-A598-43758C9F5B28}.Debug|Any CPU.ActiveCfg = Debug|Any CPU
		{8CD38C70-F228-4C5E-A598-43758C9F5B28}.Debug|Any CPU.Build.0 = Debug|Any CPU
		{8CD38C70-F228-4C5E-A598-43758C9F5B28}.Release|Any CPU.ActiveCfg = Release|Any CPU
		{8CD38C70-F228-4C5E-A598-43758C9F5B28}.Release|Any CPU.Build.0 = Release|Any CPU
		{FCF34162-BA75-4898-ADBF-FFECFCF2AD55}.Debug|Any CPU.ActiveCfg = Debug|Any CPU
		{FCF34162-BA75-4898-ADBF-FFECFCF2AD55}.Debug|Any CPU.Build.0 = Debug|Any CPU
		{FCF34162-BA75-4898-ADBF-FFECFCF2AD55}.Release|Any CPU.ActiveCfg = Release|Any CPU
		{FCF34162-BA75-4898-ADBF-FFECFCF2AD55}.Release|Any CPU.Build.0 = Release|Any CPU
		{8C0BF74F-5F9C-4EB0-BB0C-E142D06E260B}.Debug|Any CPU.ActiveCfg = Debug|Any CPU
		{8C0BF74F-5F9C-4EB0-BB0C-E142D06E260B}.Debug|Any CPU.Build.0 = Debug|Any CPU
		{8C0BF74F-5F9C-4EB0-BB0C-E142D06E260B}.Release|Any CPU.ActiveCfg = Release|Any CPU
		{8C0BF74F-5F9C-4EB0-BB0C-E142D06E260B}.Release|Any CPU.Build.0 = Release|Any CPU
		{B291EC5C-D789-49D7-B28B-5E110433B61D}.Debug|Any CPU.ActiveCfg = Debug|Any CPU
		{B291EC5C-D789-49D7-B28B-5E110433B61D}.Debug|Any CPU.Build.0 = Debug|Any CPU
		{B291EC5C-D789-49D7-B28B-5E110433B61D}.Release|Any CPU.ActiveCfg = Release|Any CPU
		{B291EC5C-D789-49D7-B28B-5E110433B61D}.Release|Any CPU.Build.0 = Release|Any CPU
		{23A14609-DC57-4048-A361-AA74385BE898}.Debug|Any CPU.ActiveCfg = Debug|Any CPU
		{23A14609-DC57-4048-A361-AA74385BE898}.Debug|Any CPU.Build.0 = Debug|Any CPU
		{23A14609-DC57-4048-A361-AA74385BE898}.Release|Any CPU.ActiveCfg = Release|Any CPU
		{23A14609-DC57-4048-A361-AA74385BE898}.Release|Any CPU.Build.0 = Release|Any CPU
		{0ADDA80D-25A6-4E46-BBB7-B80608D958AE}.Debug|Any CPU.ActiveCfg = Debug|Any CPU
		{0ADDA80D-25A6-4E46-BBB7-B80608D958AE}.Debug|Any CPU.Build.0 = Debug|Any CPU
		{0ADDA80D-25A6-4E46-BBB7-B80608D958AE}.Release|Any CPU.ActiveCfg = Release|Any CPU
		{0ADDA80D-25A6-4E46-BBB7-B80608D958AE}.Release|Any CPU.Build.0 = Release|Any CPU
		{148032E0-DDBD-46E5-83E0-F025D0333A97}.Debug|Any CPU.ActiveCfg = Debug|Any CPU
		{148032E0-DDBD-46E5-83E0-F025D0333A97}.Debug|Any CPU.Build.0 = Debug|Any CPU
		{148032E0-DDBD-46E5-83E0-F025D0333A97}.Release|Any CPU.ActiveCfg = Release|Any CPU
		{148032E0-DDBD-46E5-83E0-F025D0333A97}.Release|Any CPU.Build.0 = Release|Any CPU
		{4B3A5EAD-9883-4700-8C66-CEF3A7BFA0FC}.Debug|Any CPU.ActiveCfg = Debug|Any CPU
		{4B3A5EAD-9883-4700-8C66-CEF3A7BFA0FC}.Debug|Any CPU.Build.0 = Debug|Any CPU
		{4B3A5EAD-9883-4700-8C66-CEF3A7BFA0FC}.Release|Any CPU.ActiveCfg = Release|Any CPU
		{4B3A5EAD-9883-4700-8C66-CEF3A7BFA0FC}.Release|Any CPU.Build.0 = Release|Any CPU
		{E7ED0277-A299-4204-B42A-B178A8EBB4C7}.Debug|Any CPU.ActiveCfg = Debug|Any CPU
		{E7ED0277-A299-4204-B42A-B178A8EBB4C7}.Debug|Any CPU.Build.0 = Debug|Any CPU
		{E7ED0277-A299-4204-B42A-B178A8EBB4C7}.Release|Any CPU.ActiveCfg = Release|Any CPU
		{E7ED0277-A299-4204-B42A-B178A8EBB4C7}.Release|Any CPU.Build.0 = Release|Any CPU
		{E169F809-7FC6-4B32-828F-0294C8071F49}.Debug|Any CPU.ActiveCfg = Debug|Any CPU
		{E169F809-7FC6-4B32-828F-0294C8071F49}.Debug|Any CPU.Build.0 = Debug|Any CPU
		{E169F809-7FC6-4B32-828F-0294C8071F49}.Release|Any CPU.ActiveCfg = Release|Any CPU
		{E169F809-7FC6-4B32-828F-0294C8071F49}.Release|Any CPU.Build.0 = Release|Any CPU
		{E4A129F8-D4C8-42AC-88AA-DE3B44F360F5}.Debug|Any CPU.ActiveCfg = Debug|Any CPU
		{E4A129F8-D4C8-42AC-88AA-DE3B44F360F5}.Debug|Any CPU.Build.0 = Debug|Any CPU
		{E4A129F8-D4C8-42AC-88AA-DE3B44F360F5}.Release|Any CPU.ActiveCfg = Release|Any CPU
		{E4A129F8-D4C8-42AC-88AA-DE3B44F360F5}.Release|Any CPU.Build.0 = Release|Any CPU
		{7EC3EBEF-8932-44BF-9986-17CBCF4D5054}.Debug|Any CPU.ActiveCfg = Debug|Any CPU
		{7EC3EBEF-8932-44BF-9986-17CBCF4D5054}.Debug|Any CPU.Build.0 = Debug|Any CPU
		{7EC3EBEF-8932-44BF-9986-17CBCF4D5054}.Release|Any CPU.ActiveCfg = Release|Any CPU
		{7EC3EBEF-8932-44BF-9986-17CBCF4D5054}.Release|Any CPU.Build.0 = Release|Any CPU
	EndGlobalSection
	GlobalSection(SolutionProperties) = preSolution
		HideSolutionNode = FALSE
	EndGlobalSection
	GlobalSection(NestedProjects) = preSolution
		{A1412AEE-2337-4D69-A33A-B05161DA2466} = {81C85997-5076-44DA-930D-3712203AD790}
		{8CD38C70-F228-4C5E-A598-43758C9F5B28} = {A1412AEE-2337-4D69-A33A-B05161DA2466}
		{2346AEE5-5F1B-4C88-9DE3-E07BAB4F16F8} = {81C85997-5076-44DA-930D-3712203AD790}
		{8C0BF74F-5F9C-4EB0-BB0C-E142D06E260B} = {2346AEE5-5F1B-4C88-9DE3-E07BAB4F16F8}
		{627EFB8C-DF56-4429-8375-2C2E00FAE25B} = {81C85997-5076-44DA-930D-3712203AD790}
		{B291EC5C-D789-49D7-B28B-5E110433B61D} = {627EFB8C-DF56-4429-8375-2C2E00FAE25B}
		{23A14609-DC57-4048-A361-AA74385BE898} = {627EFB8C-DF56-4429-8375-2C2E00FAE25B}
		{2B03565B-624A-4589-8769-A04F33EA6B9B} = {81C85997-5076-44DA-930D-3712203AD790}
		{0ADDA80D-25A6-4E46-BBB7-B80608D958AE} = {2B03565B-624A-4589-8769-A04F33EA6B9B}
		{148032E0-DDBD-46E5-83E0-F025D0333A97} = {2B03565B-624A-4589-8769-A04F33EA6B9B}
		{4B3A5EAD-9883-4700-8C66-CEF3A7BFA0FC} = {2B03565B-624A-4589-8769-A04F33EA6B9B}
		{E7ED0277-A299-4204-B42A-B178A8EBB4C7} = {2B03565B-624A-4589-8769-A04F33EA6B9B}
		{E169F809-7FC6-4B32-828F-0294C8071F49} = {835D85E6-3B9C-4D2D-992C-5C8BDEBFEF85}
		{E4A129F8-D4C8-42AC-88AA-DE3B44F360F5} = {E218FAF3-BAD5-4FE4-AA0E-9D9F47615F83}
		{7EC3EBEF-8932-44BF-9986-17CBCF4D5054} = {E218FAF3-BAD5-4FE4-AA0E-9D9F47615F83}
	EndGlobalSection
	GlobalSection(ExtensibilityGlobals) = postSolution
		SolutionGuid = {AB93A67C-7180-4839-8D4C-4A5383166065}
	EndGlobalSection
EndGlobal
